{
  "version": "1.0.0",
  "lockfileVersion": 1,
  "requires": true,
  "dependencies": {
    "pack-spheres": {
      "version": "1.0.4",
      "resolved": "https://registry.npmjs.org/pack-spheres/-/pack-spheres-1.0.4.tgz",
      "integrity": "sha512-q4xdU6MVC2ZhqhAsFUpZDlYo82C2/fw1ea+8Wdyv4vyOn0HJvPboFHuOpJEuEVj28iliBo3PT0+/NYRw1Q8Scg=="
    }
  }
}
